{
  "name": "sawitdb-project",
  "version": "1.0.0",
  "lockfileVersion": 3,
  "requires": true,
  "packages": {
    "": {
      "name": "sawitdb-project",
      "version": "1.0.0",
      "license": "ISC",
      "dependencies": {
        "@wowoengine/sawitdb": "^2.6.0"
      }
    },
    "node_modules/@wowoengine/sawitdb": {
      "version": "2.6.0",
      "resolved": "https://registry.npmjs.org/@wowoengine/sawitdb/-/sawitdb-2.6.0.tgz",
      "integrity": "sha512-b52SxTWq8nmX5Etlm+sRRrf89Dgh/7tMhS7iHzwuMYEZTzIQ99SBO1ob3KduJ5a/Diru3Qsnk04tySZvl4lUzg==",
      "license": "MIT",
      "bin": {
        "sawitdb-cli": "cli/remote.js",
        "sawitdb-server": "bin/sawit-server.js"
      },
      "engines": {
        "node": ">=12.0.0"
      }
    }
  }
}
